
Microsoft Visual Studio Solution File, Format Version 12.00
# Visual Studio Version 16
VisualStudioVersion = 16.0.32106.194
MinimumVisualStudioVersion = 10.0.40219.1
Project("{FAE04EC0-301F-11D3-BF4B-00C04F79EFBC}") = "KataStringCalculator", "KataStringCalculator\KataStringCalculator.csproj", "{59804DB6-2837-436A-968D-4EDC11169B08}"
EndProject
Project("{FAE04EC0-301F-11D3-BF4B-00C04F79EFBC}") = "KataStringCalculatorTest", "KataStringCalculatorTest\KataStringCalculatorTest.csproj", "{A41C2B25-A544-4066-84FB-60F10CFF26C3}"
EndProject
Project("{2150E333-8FDC-42A3-9474-1A3956D46DE8}") = "Solution Items", "Solution Items", "{CFD6F63E-7D3A-4E58-B257-955C99B11202}"
EndProject
Global
	GlobalSection(SolutionConfigurationPlatforms) = preSolution
		Debug|Any CPU = Debug|Any CPU
		Release|Any CPU = Release|Any CPU
	EndGlobalSection
	GlobalSection(ProjectConfigurationPlatforms) = postSolution
		{59804DB6-2837-436A-968D-4EDC11169B08}.Debug|Any CPU.ActiveCfg = Debug|Any CPU
		{59804DB6-2837-436A-968D-4EDC11169B08}.Debug|Any CPU.Build.0 = Debug|Any CPU
		{59804DB6-2837-436A-968D-4EDC11169B08}.Release|Any CPU.ActiveCfg = Release|Any CPU
		{59804DB6-2837-436A-968D-4EDC11169B08}.Release|Any CPU.Build.0 = Release|Any CPU
		{A41C2B25-A544-4066-84FB-60F10CFF26C3}.Debug|Any CPU.ActiveCfg = Debug|Any CPU
		{A41C2B25-A544-4066-84FB-60F10CFF26C3}.Debug|Any CPU.Build.0 = Debug|Any CPU
		{A41C2B25-A544-4066-84FB-60F10CFF26C3}.Release|Any CPU.ActiveCfg = Release|Any CPU
		{A41C2B25-A544-4066-84FB-60F10CFF26C3}.Release|Any CPU.Build.0 = Release|Any CPU
	EndGlobalSection
	GlobalSection(SolutionProperties) = preSolution
		HideSolutionNode = FALSE
	EndGlobalSection
	GlobalSection(ExtensibilityGlobals) = postSolution
		SolutionGuid = {8710558C-1BFA-43C5-9BCB-4E646B676E10}
	EndGlobalSection
EndGlobal
